// !$*UTF8*$!
{
	archiveVersion = 1;
	classes = {
	};
	objectVersion = 55;
	objects = {

/* Begin PBXBuildFile section */
		8C9D6530284D4C2300F4515D /* AppDelegate.swift in Sources */ = {isa = PBXBuildFile; fileRef = 8C9D652F284D4C2300F4515D /* AppDelegate.swift */; };
		8C9D6532284D4C2300F4515D /* SceneDelegate.swift in Sources */ = {isa = PBXBuildFile; fileRef = 8C9D6531284D4C2300F4515D /* SceneDelegate.swift */; };
		8C9D6534284D4C2300F4515D /* ViewController.swift in Sources */ = {isa = PBXBuildFile; fileRef = 8C9D6533284D4C2300F4515D /* ViewController.swift */; };
		8C9D6537284D4C2300F4515D /* Main.storyboard in Resources */ = {isa = PBXBuildFile; fileRef = 8C9D6535284D4C2300F4515D /* Main.storyboard */; };
		8C9D653A284D4C2300F4515D /* Challenge.xcdatamodeld in Sources */ = {isa = PBXBuildFile; fileRef = 8C9D6538284D4C2300F4515D /* Challenge.xcdatamodeld */; };
		8C9D653C284D4C2500F4515D /* Assets.xcassets in Resources */ = {isa = PBXBuildFile; fileRef = 8C9D653B284D4C2500F4515D /* Assets.xcassets */; };
		8C9D653F284D4C2500F4515D /* LaunchScreen.storyboard in Resources */ = {isa = PBXBuildFile; fileRef = 8C9D653D284D4C2500F4515D /* LaunchScreen.storyboard */; };
		8C9D654A284D4C2600F4515D /* ChallengeTests.swift in Sources */ = {isa = PBXBuildFile; fileRef = 8C9D6549284D4C2600F4515D /* ChallengeTests.swift */; };
		8C9D6554284D4C2600F4515D /* ChallengeUITests.swift in Sources */ = {isa = PBXBuildFile; fileRef = 8C9D6553284D4C2600F4515D /* ChallengeUITests.swift */; };
		8C9D6556284D4C2600F4515D /* ChallengeUITestsLaunchTests.swift in Sources */ = {isa = PBXBuildFile; fileRef = 8C9D6555284D4C2600F4515D /* ChallengeUITestsLaunchTests.swift */; };
		8C9D6563284D4D9F00F4515D /* APIHandler.swift in Sources */ = {isa = PBXBuildFile; fileRef = 8C9D6562284D4D9F00F4515D /* APIHandler.swift */; };
		8C9D6565284D4F7000F4515D /* Model.swift in Sources */ = {isa = PBXBuildFile; fileRef = 8C9D6564284D4F7000F4515D /* Model.swift */; };
		8C9D6567284D544C00F4515D /* ViewModel.swift in Sources */ = {isa = PBXBuildFile; fileRef = 8C9D6566284D544C00F4515D /* ViewModel.swift */; };
		8C9D656A284DB24D00F4515D /* CustomTableViewCell.swift in Sources */ = {isa = PBXBuildFile; fileRef = 8C9D6568284DB24D00F4515D /* CustomTableViewCell.swift */; };
		8C9D656B284DB24D00F4515D /* CustomTableViewCell.xib in Resources */ = {isa = PBXBuildFile; fileRef = 8C9D6569284DB24D00F4515D /* CustomTableViewCell.xib */; };
/* End PBXBuildFile section */

/* Begin PBXContainerItemProxy section */
		8C9D6546284D4C2600F4515D /* PBXContainerItemProxy */ = {
			isa = PBXContainerItemProxy;
			containerPortal = 8C9D6524284D4C2300F4515D /* Project object */;
			proxyType = 1;
			remoteGlobalIDString = 8C9D652B284D4C2300F4515D;
			remoteInfo = Challenge;
		};
		8C9D6550284D4C2600F4515D /* PBXContainerItemProxy */ = {
			isa = PBXContainerItemProxy;
			containerPortal = 8C9D6524284D4C2300F4515D /* Project object */;
			proxyType = 1;
			remoteGlobalIDString = 8C9D652B284D4C2300F4515D;
			remoteInfo = Challenge;
		};
/* End PBXContainerItemProxy section */

/* Begin PBXFileReference section */
		8C9D652C284D4C2300F4515D /* Challenge.app */ = {isa = PBXFileReference; explicitFileType = wrapper.application; includeInIndex = 0; path = Challenge.app; sourceTree = BUILT_PRODUCTS_DIR; };
		8C9D652F284D4C2300F4515D /* AppDelegate.swift */ = {isa = PBXFileReference; lastKnownFileType = sourcecode.swift; path = AppDelegate.swift; sourceTree = "<group>"; };
		8C9D6531284D4C2300F4515D /* SceneDelegate.swift */ = {isa = PBXFileReference; lastKnownFileType = sourcecode.swift; path = SceneDelegate.swift; sourceTree = "<group>"; };
		8C9D6533284D4C2300F4515D /* ViewController.swift */ = {isa = PBXFileReference; lastKnownFileType = sourcecode.swift; path = ViewController.swift; sourceTree = "<group>"; };
		8C9D6536284D4C2300F4515D /* Base */ = {isa = PBXFileReference; lastKnownFileType = file.storyboard; name = Base; path = Base.lproj/Main.storyboard; sourceTree = "<group>"; };
		8C9D6539284D4C2300F4515D /* Challenge.xcdatamodel */ = {isa = PBXFileReference; lastKnownFileType = wrapper.xcdatamodel; path = Challenge.xcdatamodel; sourceTree = "<group>"; };
		8C9D653B284D4C2500F4515D /* Assets.xcassets */ = {isa = PBXFileReference; lastKnownFileType = folder.assetcatalog; path = Assets.xcassets; sourceTree = "<group>"; };
		8C9D653E284D4C2500F4515D /* Base */ = {isa = PBXFileReference; lastKnownFileType = file.storyboard; name = Base; path = Base.lproj/LaunchScreen.storyboard; sourceTree = "<group>"; };
		8C9D6540284D4C2500F4515D /* Info.plist */ = {isa = PBXFileReference; lastKnownFileType = text.plist.xml; path = Info.plist; sourceTree = "<group>"; };
		8C9D6545284D4C2600F4515D /* ChallengeTests.xctest */ = {isa = PBXFileReference; explicitFileType = wrapper.cfbundle; includeInIndex = 0; path = ChallengeTests.xctest; sourceTree = BUILT_PRODUCTS_DIR; };
		8C9D6549284D4C2600F4515D /* ChallengeTests.swift */ = {isa = PBXFileReference; lastKnownFileType = sourcecode.swift; path = ChallengeTests.swift; sourceTree = "<group>"; };
		8C9D654F284D4C2600F4515D /* ChallengeUITests.xctest */ = {isa = PBXFileReference; explicitFileType = wrapper.cfbundle; includeInIndex = 0; path = ChallengeUITests.xctest; sourceTree = BUILT_PRODUCTS_DIR; };
		8C9D6553284D4C2600F4515D /* ChallengeUITests.swift */ = {isa = PBXFileReference; lastKnownFileType = sourcecode.swift; path = ChallengeUITests.swift; sourceTree = "<group>"; };
		8C9D6555284D4C2600F4515D /* ChallengeUITestsLaunchTests.swift */ = {isa = PBXFileReference; lastKnownFileType = sourcecode.swift; path = ChallengeUITestsLaunchTests.swift; sourceTree = "<group>"; };
		8C9D6562284D4D9F00F4515D /* APIHandler.swift */ = {isa = PBXFileReference; lastKnownFileType = sourcecode.swift; path = APIHandler.swift; sourceTree = "<group>"; };
		8C9D6564284D4F7000F4515D /* Model.swift */ = {isa = PBXFileReference; lastKnownFileType = sourcecode.swift; path = Model.swift; sourceTree = "<group>"; };
		8C9D6566284D544C00F4515D /* ViewModel.swift */ = {isa = PBXFileReference; lastKnownFileType = sourcecode.swift; path = ViewModel.swift; sourceTree = "<group>"; };
		8C9D6568284DB24D00F4515D /* CustomTableViewCell.swift */ = {isa = PBXFileReference; lastKnownFileType = sourcecode.swift; path = CustomTableViewCell.swift; sourceTree = "<group>"; };
		8C9D6569284DB24D00F4515D /* CustomTableViewCell.xib */ = {isa = PBXFileReference; lastKnownFileType = file.xib; path = CustomTableViewCell.xib; sourceTree = "<group>"; };
/* End PBXFileReference section */

/* Begin PBXFrameworksBuildPhase section */
		8C9D6529284D4C2300F4515D /* Frameworks */ = {
			isa = PBXFrameworksBuildPhase;
			buildActionMask = 2147483647;
			files = (
			);
			runOnlyForDeploymentPostprocessing = 0;
		};
		8C9D6542284D4C2600F4515D /* Frameworks */ = {
			isa = PBXFrameworksBuildPhase;
			buildActionMask = 2147483647;
			files = (
			);
			runOnlyForDeploymentPostprocessing = 0;
		};
		8C9D654C284D4C2600F4515D /* Frameworks */ = {
			isa = PBXFrameworksBuildPhase;
			buildActionMask = 2147483647;
			files = (
			);
			runOnlyForDeploymentPostprocessing = 0;
		};
/* End PBXFrameworksBuildPhase section */

/* Begin PBXGroup section */
		8C9D6523284D4C2300F4515D = {
			isa = PBXGroup;
			children = (
				8C9D652E284D4C2300F4515D /* Challenge */,
				8C9D6548284D4C2600F4515D /* ChallengeTests */,
				8C9D6552284D4C2600F4515D /* ChallengeUITests */,
				8C9D652D284D4C2300F4515D /* Products */,
			);
			sourceTree = "<group>";
		};
		8C9D652D284D4C2300F4515D /* Products */ = {
			isa = PBXGroup;
			children = (
				8C9D652C284D4C2300F4515D /* Challenge.app */,
				8C9D6545284D4C2600F4515D /* ChallengeTests.xctest */,
				8C9D654F284D4C2600F4515D /* ChallengeUITests.xctest */,
			);
			name = Products;
			sourceTree = "<group>";
		};
		8C9D652E284D4C2300F4515D /* Challenge */ = {
			isa = PBXGroup;
			children = (
				8C9D652F284D4C2300F4515D /* AppDelegate.swift */,
				8C9D6531284D4C2300F4515D /* SceneDelegate.swift */,
				8C9D6533284D4C2300F4515D /* ViewController.swift */,
				8C9D6566284D544C00F4515D /* ViewModel.swift */,
				8C9D6568284DB24D00F4515D /* CustomTableViewCell.swift */,
				8C9D6569284DB24D00F4515D /* CustomTableViewCell.xib */,
				8C9D6564284D4F7000F4515D /* Model.swift */,
				8C9D6562284D4D9F00F4515D /* APIHandler.swift */,
				8C9D6535284D4C2300F4515D /* Main.storyboard */,
				8C9D653B284D4C2500F4515D /* Assets.xcassets */,
				8C9D653D284D4C2500F4515D /* LaunchScreen.storyboard */,
				8C9D6540284D4C2500F4515D /* Info.plist */,
				8C9D6538284D4C2300F4515D /* Challenge.xcdatamodeld */,
			);
			path = Challenge;
			sourceTree = "<group>";
		};
		8C9D6548284D4C2600F4515D /* ChallengeTests */ = {
			isa = PBXGroup;
			children = (
				8C9D6549284D4C2600F4515D /* ChallengeTests.swift */,
			);
			path = ChallengeTests;
			sourceTree = "<group>";
		};
		8C9D6552284D4C2600F4515D /* ChallengeUITests */ = {
			isa = PBXGroup;
			children = (
				8C9D6553284D4C2600F4515D /* ChallengeUITests.swift */,
				8C9D6555284D4C2600F4515D /* ChallengeUITestsLaunchTests.swift */,
			);
			path = ChallengeUITests;
			sourceTree = "<group>";
		};
/* End PBXGroup section */

/* Begin PBXNativeTarget section */
		8C9D652B284D4C2300F4515D /* Challenge */ = {
			isa = PBXNativeTarget;
			buildConfigurationList = 8C9D6559284D4C2600F4515D /* Build configuration list for PBXNativeTarget "Challenge" */;
			buildPhases = (
				8C9D6528284D4C2300F4515D /* Sources */,
				8C9D6529284D4C2300F4515D /* Frameworks */,
				8C9D652A284D4C2300F4515D /* Resources */,
			);
			buildRules = (
			);
			dependencies = (
			);
			name = Challenge;
			productName = Challenge;
			productReference = 8C9D652C284D4C2300F4515D /* Challenge.app */;
			productType = "com.apple.product-type.application";
		};
		8C9D6544284D4C2600F4515D /* ChallengeTests */ = {
			isa = PBXNativeTarget;
			buildConfigurationList = 8C9D655C284D4C2600F4515D /* Build configuration list for PBXNativeTarget "ChallengeTests" */;
			buildPhases = (
				8C9D6541284D4C2600F4515D /* Sources */,
				8C9D6542284D4C2600F4515D /* Frameworks */,
				8C9D6543284D4C2600F4515D /* Resources */,
			);
			buildRules = (
			);
			dependencies = (
				8C9D6547284D4C2600F4515D /* PBXTargetDependency */,
			);
			name = ChallengeTests;
			productName = ChallengeTests;
			productReference = 8C9D6545284D4C2600F4515D /* ChallengeTests.xctest */;
			productType = "com.apple.product-type.bundle.unit-test";
		};
		8C9D654E284D4C2600F4515D /* ChallengeUITests */ = {
			isa = PBXNativeTarget;
			buildConfigurationList = 8C9D655F284D4C2600F4515D /* Build configuration list for PBXNativeTarget "ChallengeUITests" */;
			buildPhases = (
				8C9D654B284D4C2600F4515D /* Sources */,
				8C9D654C284D4C2600F4515D /* Frameworks */,
				8C9D654D284D4C2600F4515D /* Resources */,
			);
			buildRules = (
			);
			dependencies = (
				8C9D6551284D4C2600F4515D /* PBXTargetDependency */,
			);
			name = ChallengeUITests;
			productName = ChallengeUITests;
			productReference = 8C9D654F284D4C2600F4515D /* ChallengeUITests.xctest */;
			productType = "com.apple.product-type.bundle.ui-testing";
		};
/* End PBXNativeTarget section */

/* Begin PBXProject section */
		8C9D6524284D4C2300F4515D /* Project object */ = {
			isa = PBXProject;
			attributes = {
				BuildIndependentTargetsInParallel = 1;
				LastSwiftUpdateCheck = 1340;
				LastUpgradeCheck = 1340;
				TargetAttributes = {
					8C9D652B284D4C2300F4515D = {
						CreatedOnToolsVersion = 13.4.1;
					};
					8C9D6544284D4C2600F4515D = {
						CreatedOnToolsVersion = 13.4.1;
						TestTargetID = 8C9D652B284D4C2300F4515D;
					};
					8C9D654E284D4C2600F4515D = {
						CreatedOnToolsVersion = 13.4.1;
						TestTargetID = 8C9D652B284D4C2300F4515D;
					};
				};
			};
			buildConfigurationList = 8C9D6527284D4C2300F4515D /* Build configuration list for PBXProject "Challenge" */;
			compatibilityVersion = "Xcode 13.0";
			developmentRegion = en;
			hasScannedForEncodings = 0;
			knownRegions = (
				en,
				Base,
			);
			mainGroup = 8C9D6523284D4C2300F4515D;
			productRefGroup = 8C9D652D284D4C2300F4515D /* Products */;
			projectDirPath = "";
			projectRoot = "";
			targets = (
				8C9D652B284D4C2300F4515D /* Challenge */,
				8C9D6544284D4C2600F4515D /* ChallengeTests */,
				8C9D654E284D4C2600F4515D /* ChallengeUITests */,
			);
		};
/* End PBXProject section */

/* Begin PBXResourcesBuildPhase section */
		8C9D652A284D4C2300F4515D /* Resources */ = {
			isa = PBXResourcesBuildPhase;
			buildActionMask = 2147483647;
			files = (
				8C9D653F284D4C2500F4515D /* LaunchScreen.storyboard in Resources */,
				8C9D653C284D4C2500F4515D /* Assets.xcassets in Resources */,
				8C9D656B284DB24D00F4515D /* CustomTableViewCell.xib in Resources */,
				8C9D6537284D4C2300F4515D /* Main.storyboard in Resources */,
			);
			runOnlyForDeploymentPostprocessing = 0;
		};
		8C9D6543284D4C2600F4515D /* Resources */ = {
			isa = PBXResourcesBuildPhase;
			buildActionMask = 2147483647;
			files = (
			);
			runOnlyForDeploymentPostprocessing = 0;
		};
		8C9D654D284D4C2600F4515D /* Resources */ = {
			isa = PBXResourcesBuildPhase;
			buildActionMask = 2147483647;
			files = (
			);
			runOnlyForDeploymentPostprocessing = 0;
		};
/* End PBXResourcesBuildPhase section */

/* Begin PBXSourcesBuildPhase section */
		8C9D6528284D4C2300F4515D /* Sources */ = {
			isa = PBXSourcesBuildPhase;
			buildActionMask = 2147483647;
			files = (
				8C9D6534284D4C2300F4515D /* ViewController.swift in Sources */,
				8C9D653A284D4C2300F4515D /* Challenge.xcdatamodeld in Sources */,
				8C9D656A284DB24D00F4515D /* CustomTableViewCell.swift in Sources */,
				8C9D6563284D4D9F00F4515D /* APIHandler.swift in Sources */,
				8C9D6565284D4F7000F4515D /* Model.swift in Sources */,
				8C9D6530284D4C2300F4515D /* AppDelegate.swift in Sources */,
				8C9D6532284D4C2300F4515D /* SceneDelegate.swift in Sources */,
				8C9D6567284D544C00F4515D /* ViewModel.swift in Sources */,
			);
			runOnlyForDeploymentPostprocessing = 0;
		};
		8C9D6541284D4C2600F4515D /* Sources */ = {
			isa = PBXSourcesBuildPhase;
			buildActionMask = 2147483647;
			files = (
				8C9D654A284D4C2600F4515D /* ChallengeTests.swift in Sources */,
			);
			runOnlyForDeploymentPostprocessing = 0;
		};
		8C9D654B284D4C2600F4515D /* Sources */ = {
			isa = PBXSourcesBuildPhase;
			buildActionMask = 2147483647;
			files = (
				8C9D6556284D4C2600F4515D /* ChallengeUITestsLaunchTests.swift in Sources */,
				8C9D6554284D4C2600F4515D /* ChallengeUITests.swift in Sources */,
			);
			runOnlyForDeploymentPostprocessing = 0;
		};
/* End PBXSourcesBuildPhase section */

/* Begin PBXTargetDependency section */
		8C9D6547284D4C2600F4515D /* PBXTargetDependency */ = {
			isa = PBXTargetDependency;
			target = 8C9D652B284D4C2300F4515D /* Challenge */;
			targetProxy = 8C9D6546284D4C2600F4515D /* PBXContainerItemProxy */;
		};
		8C9D6551284D4C2600F4515D /* PBXTargetDependency */ = {
			isa = PBXTargetDependency;
			target = 8C9D652B284D4C2300F4515D /* Challenge */;
			targetProxy = 8C9D6550284D4C2600F4515D /* PBXContainerItemProxy */;
		};
/* End PBXTargetDependency section */

/* Begin PBXVariantGroup section */
		8C9D6535284D4C2300F4515D /* Main.storyboard */ = {
			isa = PBXVariantGroup;
			children = (
				8C9D6536284D4C2300F4515D /* Base */,
			);
			name = Main.storyboard;
			sourceTree = "<group>";
		};
		8C9D653D284D4C2500F4515D /* LaunchScreen.storyboard */ = {
			isa = PBXVariantGroup;
			children = (
				8C9D653E284D4C2500F4515D /* Base */,
			);
			name = LaunchScreen.storyboard;
			sourceTree = "<group>";
		};
/* End PBXVariantGroup section */

/* Begin XCBuildConfiguration section */
		8C9D6557284D4C2600F4515D /* Debug */ = {
			isa = XCBuildConfiguration;
			buildSettings = {
				ALWAYS_SEARCH_USER_PATHS = NO;
				CLANG_ANALYZER_NONNULL = YES;
				CLANG_ANALYZER_NUMBER_OBJECT_CONVERSION = YES_AGGRESSIVE;
				CLANG_CXX_LANGUAGE_STANDARD = "gnu++17";
				CLANG_ENABLE_MODULES = YES;
				CLANG_ENABLE_OBJC_ARC = YES;
				CLANG_ENABLE_OBJC_WEAK = YES;
				CLANG_WARN_BLOCK_CAPTURE_AUTORELEASING = YES;
				CLANG_WARN_BOOL_CONVERSION = YES;
				CLANG_WARN_COMMA = YES;
				CLANG_WARN_CONSTANT_CONVERSION = YES;
				CLANG_WARN_DEPRECATED_OBJC_IMPLEMENTATIONS = YES;
				CLANG_WARN_DIRECT_OBJC_ISA_USAGE = YES_ERROR;
				CLANG_WARN_DOCUMENTATION_COMMENTS = YES;
				CLANG_WARN_EMPTY_BODY = YES;
				CLANG_WARN_ENUM_CONVERSION = YES;
				CLANG_WARN_INFINITE_RECURSION = YES;
				CLANG_WARN_INT_CONVERSION = YES;
				CLANG_WARN_NON_LITERAL_NULL_CONVERSION = YES;
				CLANG_WARN_OBJC_IMPLICIT_RETAIN_SELF = YES;
				CLANG_WARN_OBJC_LITERAL_CONVERSION = YES;
				CLANG_WARN_OBJC_ROOT_CLASS = YES_ERROR;
				CLANG_WARN_QUOTED_INCLUDE_IN_FRAMEWORK_HEADER = YES;
				CLANG_WARN_RANGE_LOOP_ANALYSIS = YES;
				CLANG_WARN_STRICT_PROTOTYPES = YES;
				CLANG_WARN_SUSPICIOUS_MOVE = YES;
				CLANG_WARN_UNGUARDED_AVAILABILITY = YES_AGGRESSIVE;
				CLANG_WARN_UNREACHABLE_CODE = YES;
				CLANG_WARN__DUPLICATE_METHOD_MATCH = YES;
				COPY_PHASE_STRIP = NO;
				DEBUG_INFORMATION_FORMAT = dwarf;
				ENABLE_STRICT_OBJC_MSGSEND = YES;
				ENABLE_TESTABILITY = YES;
				GCC_C_LANGUAGE_STANDARD = gnu11;
				GCC_DYNAMIC_NO_PIC = NO;
				GCC_NO_COMMON_BLOCKS = YES;
				GCC_OPTIMIZATION_LEVEL = 0;
				GCC_PREPROCESSOR_DEFINITIONS = (
					"DEBUG=1",
					"$(inherited)",
				);
				GCC_WARN_64_TO_32_BIT_CONVERSION = YES;
				GCC_WARN_ABOUT_RETURN_TYPE = YES_ERROR;
				GCC_WARN_UNDECLARED_SELECTOR = YES;
				GCC_WARN_UNINITIALIZED_AUTOS = YES_AGGRESSIVE;
				GCC_WARN_UNUSED_FUNCTION = YES;
				GCC_WARN_UNUSED_VARIABLE = YES;
				IPHONEOS_DEPLOYMENT_TARGET = 15.5;
				MTL_ENABLE_DEBUG_INFO = INCLUDE_SOURCE;
				MTL_FAST_MATH = YES;
				ONLY_ACTIVE_ARCH = YES;
				SDKROOT = iphoneos;
				SWIFT_ACTIVE_COMPILATION_CONDITIONS = DEBUG;
				SWIFT_OPTIMIZATION_LEVEL = "-Onone";
			};
			name = Debug;
		};
		8C9D6558284D4C2600F4515D /* Release */ = {
			isa = XCBuildConfiguration;
			buildSettings = {
				ALWAYS_SEARCH_USER_PATHS = NO;
				CLANG_ANALYZER_NONNULL = YES;
				CLANG_ANALYZER_NUMBER_OBJECT_CONVERSION = YES_AGGRESSIVE;
				CLANG_CXX_LANGUAGE_STANDARD = "gnu++17";
				CLANG_ENABLE_MODULES = YES;
				CLANG_ENABLE_OBJC_ARC = YES;
				CLANG_ENABLE_OBJC_WEAK = YES;
				CLANG_WARN_BLOCK_CAPTURE_AUTORELEASING = YES;
				CLANG_WARN_BOOL_CONVERSION = YES;
				CLANG_WARN_COMMA = YES;
				CLANG_WARN_CONSTANT_CONVERSION = YES;
				CLANG_WARN_DEPRECATED_OBJC_IMPLEMENTATIONS = YES;
				CLANG_WARN_DIRECT_OBJC_ISA_USAGE = YES_ERROR;
				CLANG_WARN_DOCUMENTATION_COMMENTS = YES;
				CLANG_WARN_EMPTY_BODY = YES;
				CLANG_WARN_ENUM_CONVERSION = YES;
				CLANG_WARN_INFINITE_RECURSION = YES;
				CLANG_WARN_INT_CONVERSION = YES;
				CLANG_WARN_NON_LITERAL_NULL_CONVERSION = YES;
				CLANG_WARN_OBJC_IMPLICIT_RETAIN_SELF = YES;
				CLANG_WARN_OBJC_LITERAL_CONVERSION = YES;
				CLANG_WARN_OBJC_ROOT_CLASS = YES_ERROR;
				CLANG_WARN_QUOTED_INCLUDE_IN_FRAMEWORK_HEADER = YES;
				CLANG_WARN_RANGE_LOOP_ANALYSIS = YES;
				CLANG_WARN_STRICT_PROTOTYPES = YES;
				CLANG_WARN_SUSPICIOUS_MOVE = YES;
				CLANG_WARN_UNGUARDED_AVAILABILITY = YES_AGGRESSIVE;
				CLANG_WARN_UNREACHABLE_CODE = YES;
				CLANG_WARN__DUPLICATE_METHOD_MATCH = YES;
				COPY_PHASE_STRIP = NO;
				DEBUG_INFORMATION_FORMAT = "dwarf-with-dsym";
				ENABLE_NS_ASSERTIONS = NO;
				ENABLE_STRICT_OBJC_MSGSEND = YES;
				GCC_C_LANGUAGE_STANDARD = gnu11;
				GCC_NO_COMMON_BLOCKS = YES;
				GCC_WARN_64_TO_32_BIT_CONVERSION = YES;
				GCC_WARN_ABOUT_RETURN_TYPE = YES_ERROR;
				GCC_WARN_UNDECLARED_SELECTOR = YES;
				GCC_WARN_UNINITIALIZED_AUTOS = YES_AGGRESSIVE;
				GCC_WARN_UNUSED_FUNCTION = YES;
				GCC_WARN_UNUSED_VARIABLE = YES;
				IPHONEOS_DEPLOYMENT_TARGET = 15.5;
				MTL_ENABLE_DEBUG_INFO = NO;
				MTL_FAST_MATH = YES;
				SDKROOT = iphoneos;
				SWIFT_COMPILATION_MODE = wholemodule;
				SWIFT_OPTIMIZATION_LEVEL = "-O";
				VALIDATE_PRODUCT = YES;
			};
			name = Release;
		};
		8C9D655A284D4C2600F4515D /* Debug */ = {
			isa = XCBuildConfiguration;
			buildSettings = {
				ASSETCATALOG_COMPILER_APPICON_NAME = AppIcon;
				ASSETCATALOG_COMPILER_GLOBAL_ACCENT_COLOR_NAME = AccentColor;
				CODE_SIGN_STYLE = Automatic;
				CURRENT_PROJECT_VERSION = 1;
				DEVELOPMENT_TEAM = CRPB5AHSY2;
				GENERATE_INFOPLIST_FILE = YES;
				INFOPLIST_FILE = Challenge/Info.plist;
				INFOPLIST_KEY_UIApplicationSupportsIndirectInputEvents = YES;
				INFOPLIST_KEY_UILaunchStoryboardName = LaunchScreen;
				INFOPLIST_KEY_UIMainStoryboardFile = Main;
				INFOPLIST_KEY_UISupportedInterfaceOrientations_iPad = "UIInterfaceOrientationPortrait UIInterfaceOrientationPortraitUpsideDown UIInterfaceOrientationLandscapeLeft UIInterfaceOrientationLandscapeRight";
				INFOPLIST_KEY_UISupportedInterfaceOrientations_iPhone = "UIInterfaceOrientationPortrait UIInterfaceOrientationLandscapeLeft UIInterfaceOrientationLandscapeRight";
				LD_RUNPATH_SEARCH_PATHS = (
					"$(inherited)",
					"@executable_path/Frameworks",
				);
				MARKETING_VERSION = 1.0;
				PRODUCT_BUNDLE_IDENTIFIER = NateW.Challenge;
				PRODUCT_NAME = "$(TARGET_NAME)";
				SWIFT_EMIT_LOC_STRINGS = YES;
				SWIFT_VERSION = 5.0;
				TARGETED_DEVICE_FAMILY = "1,2";
			};
			name = Debug;
		};
		8C9D655B284D4C2600F4515D /* Release */ = {
			isa = XCBuildConfiguration;
			buildSettings = {
				ASSETCATALOG_COMPILER_APPICON_NAME = AppIcon;
				ASSETCATALOG_COMPILER_GLOBAL_ACCENT_COLOR_NAME = AccentColor;
				CODE_SIGN_STYLE = Automatic;
				CURRENT_PROJECT_VERSION = 1;
				DEVELOPMENT_TEAM = CRPB5AHSY2;
				GENERATE_INFOPLIST_FILE = YES;
				INFOPLIST_FILE = Challenge/Info.plist;
				INFOPLIST_KEY_UIApplicationSupportsIndirectInputEvents = YES;
				INFOPLIST_KEY_UILaunchStoryboardName = LaunchScreen;
				INFOPLIST_KEY_UIMainStoryboardFile = Main;
				INFOPLIST_KEY_UISupportedInterfaceOrientations_iPad = "UIInterfaceOrientationPortrait UIInterfaceOrientationPortraitUpsideDown UIInterfaceOrientationLandscapeLeft UIInterfaceOrientationLandscapeRight";
				INFOPLIST_KEY_UISupportedInterfaceOrientations_iPhone = "UIInterfaceOrientationPortrait UIInterfaceOrientationLandscapeLeft UIInterfaceOrientationLandscapeRight";
				LD_RUNPATH_SEARCH_PATHS = (
					"$(inherited)",
					"@executable_path/Frameworks",
				);
				MARKETING_VERSION = 1.0;
				PRODUCT_BUNDLE_IDENTIFIER = NateW.Challenge;
				PRODUCT_NAME = "$(TARGET_NAME)";
				SWIFT_EMIT_LOC_STRINGS = YES;
				SWIFT_VERSION = 5.0;
				TARGETED_DEVICE_FAMILY = "1,2";
			};
			name = Release;
		};
		8C9D655D284D4C2600F4515D /* Debug */ = {
			isa = XCBuildConfiguration;
			buildSettings = {
				ALWAYS_EMBED_SWIFT_STANDARD_LIBRARIES = YES;
				BUNDLE_LOADER = "$(TEST_HOST)";
				CODE_SIGN_STYLE = Automatic;
				CURRENT_PROJECT_VERSION = 1;
				DEVELOPMENT_TEAM = CRPB5AHSY2;
				GENERATE_INFOPLIST_FILE = YES;
				IPHONEOS_DEPLOYMENT_TARGET = 15.5;
				MARKETING_VERSION = 1.0;
				PRODUCT_BUNDLE_IDENTIFIER = NateW.ChallengeTests;
				PRODUCT_NAME = "$(TARGET_NAME)";
				SWIFT_EMIT_LOC_STRINGS = NO;
				SWIFT_VERSION = 5.0;
				TARGETED_DEVICE_FAMILY = "1,2";
				TEST_HOST = "$(BUILT_PRODUCTS_DIR)/Challenge.app/Challenge";
			};
			name = Debug;
		};
		8C9D655E284D4C2600F4515D /* Release */ = {
			isa = XCBuildConfiguration;
			buildSettings = {
				ALWAYS_EMBED_SWIFT_STANDARD_LIBRARIES = YES;
				BUNDLE_LOADER = "$(TEST_HOST)";
				CODE_SIGN_STYLE = Automatic;
				CURRENT_PROJECT_VERSION = 1;
				DEVELOPMENT_TEAM = CRPB5AHSY2;
				GENERATE_INFOPLIST_FILE = YES;
				IPHONEOS_DEPLOYMENT_TARGET = 15.5;
				MARKETING_VERSION = 1.0;
				PRODUCT_BUNDLE_IDENTIFIER = NateW.ChallengeTests;
				PRODUCT_NAME = "$(TARGET_NAME)";
				SWIFT_EMIT_LOC_STRINGS = NO;
				SWIFT_VERSION = 5.0;
				TARGETED_DEVICE_FAMILY = "1,2";
				TEST_HOST = "$(BUILT_PRODUCTS_DIR)/Challenge.app/Challenge";
			};
			name = Release;
		};
		8C9D6560284D4C2600F4515D /* Debug */ = {
			isa = XCBuildConfiguration;
			buildSettings = {
				ALWAYS_EMBED_SWIFT_STANDARD_LIBRARIES = YES;
				CODE_SIGN_STYLE = Automatic;
				CURRENT_PROJECT_VERSION = 1;
				DEVELOPMENT_TEAM = CRPB5AHSY2;
				GENERATE_INFOPLIST_FILE = YES;
				MARKETING_VERSION = 1.0;
				PRODUCT_BUNDLE_IDENTIFIER = NateW.ChallengeUITests;
				PRODUCT_NAME = "$(TARGET_NAME)";
				SWIFT_EMIT_LOC_STRINGS = NO;
				SWIFT_VERSION = 5.0;
				TARGETED_DEVICE_FAMILY = "1,2";
				TEST_TARGET_NAME = Challenge;
			};
			name = Debug;
		};
		8C9D6561284D4C2600F4515D /* Release */ = {
			isa = XCBuildConfiguration;
			buildSettings = {
				ALWAYS_EMBED_SWIFT_STANDARD_LIBRARIES = YES;
				CODE_SIGN_STYLE = Automatic;
				CURRENT_PROJECT_VERSION = 1;
				DEVELOPMENT_TEAM = CRPB5AHSY2;
				GENERATE_INFOPLIST_FILE = YES;
				MARKETING_VERSION = 1.0;
				PRODUCT_BUNDLE_IDENTIFIER = NateW.ChallengeUITests;
				PRODUCT_NAME = "$(TARGET_NAME)";
				SWIFT_EMIT_LOC_STRINGS = NO;
				SWIFT_VERSION = 5.0;
				TARGETED_DEVICE_FAMILY = "1,2";
				TEST_TARGET_NAME = Challenge;
			};
			name = Release;
		};
/* End XCBuildConfiguration section */

/* Begin XCConfigurationList section */
		8C9D6527284D4C2300F4515D /* Build configuration list for PBXProject "Challenge" */ = {
			isa = XCConfigurationList;
			buildConfigurations = (
				8C9D6557284D4C2600F4515D /* Debug */,
				8C9D6558284D4C2600F4515D /* Release */,
			);
			defaultConfigurationIsVisible = 0;
			defaultConfigurationName = Release;
		};
		8C9D6559284D4C2600F4515D /* Build configuration list for PBXNativeTarget "Challenge" */ = {
			isa = XCConfigurationList;
			buildConfigurations = (
				8C9D655A284D4C2600F4515D /* Debug */,
				8C9D655B284D4C2600F4515D /* Release */,
			);
			defaultConfigurationIsVisible = 0;
			defaultConfigurationName = Release;
		};
		8C9D655C284D4C2600F4515D /* Build configuration list for PBXNativeTarget "ChallengeTests" */ = {
			isa = XCConfigurationList;
			buildConfigurations = (
				8C9D655D284D4C2600F4515D /* Debug */,
				8C9D655E284D4C2600F4515D /* Release */,
			);
			defaultConfigurationIsVisible = 0;
			defaultConfigurationName = Release;
		};
		8C9D655F284D4C2600F4515D /* Build configuration list for PBXNativeTarget "ChallengeUITests" */ = {
			isa = XCConfigurationList;
			buildConfigurations = (
				8C9D6560284D4C2600F4515D /* Debug */,
				8C9D6561284D4C2600F4515D /* Release */,
			);
			defaultConfigurationIsVisible = 0;
			defaultConfigurationName = Release;
		};
/* End XCConfigurationList section */

/* Begin XCVersionGroup section */
		8C9D6538284D4C2300F4515D /* Challenge.xcdatamodeld */ = {
			isa = XCVersionGroup;
			children = (
				8C9D6539284D4C2300F4515D /* Challenge.xcdatamodel */,
			);
			currentVersion = 8C9D6539284D4C2300F4515D /* Challenge.xcdatamodel */;
			path = Challenge.xcdatamodeld;
			sourceTree = "<group>";
			versionGroupType = wrapper.xcdatamodel;
		};
/* End XCVersionGroup section */
	};
	rootObject = 8C9D6524284D4C2300F4515D /* Project object */;
}
